
Microsoft Visual Studio Solution File, Format Version 12.00
# Visual Studio Version 16
VisualStudioVersion = 16.0.809.5
MinimumVisualStudioVersion = 10.0.40219.1
Project("{FAE04EC0-301F-11D3-BF4B-00C04F79EFBC}") = "ClassesExercise", "ClassesExercise\ClassesExercise.csproj", "{F1F2A7B6-73DF-4738-85A5-9B336203BFB8}"
EndProject
Global
	GlobalSection(SolutionConfigurationPlatforms) = preSolution
		Debug|Any CPU = Debug|Any CPU
		Release|Any CPU = Release|Any CPU
	EndGlobalSection
	GlobalSection(ProjectConfigurationPlatforms) = postSolution
		{F1F2A7B6-73DF-4738-85A5-9B336203BFB8}.Debug|Any CPU.ActiveCfg = Debug|Any CPU
		{F1F2A7B6-73DF-4738-85A5-9B336203BFB8}.Debug|Any CPU.Build.0 = Debug|Any CPU
		{F1F2A7B6-73DF-4738-85A5-9B336203BFB8}.Release|Any CPU.ActiveCfg = Release|Any CPU
		{F1F2A7B6-73DF-4738-85A5-9B336203BFB8}.Release|Any CPU.Build.0 = Release|Any CPU
	EndGlobalSection
	GlobalSection(SolutionProperties) = preSolution
		HideSolutionNode = FALSE
	EndGlobalSection
	GlobalSection(ExtensibilityGlobals) = postSolution
		SolutionGuid = {C4DB8C78-300A-4DCA-AF04-084F1F7F1A01}
	EndGlobalSection
EndGlobal
